// !$*UTF8*$!
{
	archiveVersion = 1;
	classes = {
	};
	objectVersion = 56;
	objects = {

/* Begin PBXBuildFile section */
		4768B71B2B5C810800E0EA83 /* SettingsView.swift in Sources */ = {isa = PBXBuildFile; fileRef = 4768B71A2B5C810800E0EA83 /* SettingsView.swift */; };
		479A4E7D2B66EC6800EBD43C /* AddQuoteForm.swift in Sources */ = {isa = PBXBuildFile; fileRef = 479A4E7C2B66EC6800EBD43C /* AddQuoteForm.swift */; };
		47FF90742B5B167200C6FD8E /* biblifyApp.swift in Sources */ = {isa = PBXBuildFile; fileRef = 47FF90732B5B167200C6FD8E /* biblifyApp.swift */; };
		47FF90762B5B167200C6FD8E /* ContentView.swift in Sources */ = {isa = PBXBuildFile; fileRef = 47FF90752B5B167200C6FD8E /* ContentView.swift */; };
		47FF90782B5B167200C6FD8E /* Quote.swift in Sources */ = {isa = PBXBuildFile; fileRef = 47FF90772B5B167200C6FD8E /* Quote.swift */; };
		47FF907A2B5B167400C6FD8E /* Assets.xcassets in Resources */ = {isa = PBXBuildFile; fileRef = 47FF90792B5B167400C6FD8E /* Assets.xcassets */; };
		47FF907D2B5B167400C6FD8E /* Preview Assets.xcassets in Resources */ = {isa = PBXBuildFile; fileRef = 47FF907C2B5B167400C6FD8E /* Preview Assets.xcassets */; };
		47FF90862B5B1C5D00C6FD8E /* AllQuotesView.swift in Sources */ = {isa = PBXBuildFile; fileRef = 47FF90852B5B1C5D00C6FD8E /* AllQuotesView.swift */; };
		47FF908D2B5B2D8D00C6FD8E /* RandomQuoteView.swift in Sources */ = {isa = PBXBuildFile; fileRef = 47FF908C2B5B2D8D00C6FD8E /* RandomQuoteView.swift */; };
		47FF908F2B5B2DF600C6FD8E /* QuoteOfDayView.swift in Sources */ = {isa = PBXBuildFile; fileRef = 47FF908E2B5B2DF600C6FD8E /* QuoteOfDayView.swift */; };
/* End PBXBuildFile section */

/* Begin PBXFileReference section */
		4768B71A2B5C810800E0EA83 /* SettingsView.swift */ = {isa = PBXFileReference; lastKnownFileType = sourcecode.swift; path = SettingsView.swift; sourceTree = "<group>"; };
		479A4E7C2B66EC6800EBD43C /* AddQuoteForm.swift */ = {isa = PBXFileReference; lastKnownFileType = sourcecode.swift; path = AddQuoteForm.swift; sourceTree = "<group>"; };
		47FF90702B5B167200C6FD8E /* biblify.app */ = {isa = PBXFileReference; explicitFileType = wrapper.application; includeInIndex = 0; path = biblify.app; sourceTree = BUILT_PRODUCTS_DIR; };
		47FF90732B5B167200C6FD8E /* biblifyApp.swift */ = {isa = PBXFileReference; lastKnownFileType = sourcecode.swift; path = biblifyApp.swift; sourceTree = "<group>"; };
		47FF90752B5B167200C6FD8E /* ContentView.swift */ = {isa = PBXFileReference; lastKnownFileType = sourcecode.swift; path = ContentView.swift; sourceTree = "<group>"; };
		47FF90772B5B167200C6FD8E /* Quote.swift */ = {isa = PBXFileReference; lastKnownFileType = sourcecode.swift; path = Quote.swift; sourceTree = "<group>"; };
		47FF90792B5B167400C6FD8E /* Assets.xcassets */ = {isa = PBXFileReference; lastKnownFileType = folder.assetcatalog; path = Assets.xcassets; sourceTree = "<group>"; };
		47FF907C2B5B167400C6FD8E /* Preview Assets.xcassets */ = {isa = PBXFileReference; lastKnownFileType = folder.assetcatalog; path = "Preview Assets.xcassets"; sourceTree = "<group>"; };
		47FF90852B5B1C5D00C6FD8E /* AllQuotesView.swift */ = {isa = PBXFileReference; lastKnownFileType = sourcecode.swift; path = AllQuotesView.swift; sourceTree = "<group>"; };
		47FF908C2B5B2D8D00C6FD8E /* RandomQuoteView.swift */ = {isa = PBXFileReference; lastKnownFileType = sourcecode.swift; path = RandomQuoteView.swift; sourceTree = "<group>"; };
		47FF908E2B5B2DF600C6FD8E /* QuoteOfDayView.swift */ = {isa = PBXFileReference; lastKnownFileType = sourcecode.swift; path = QuoteOfDayView.swift; sourceTree = "<group>"; };
/* End PBXFileReference section */

/* Begin PBXFrameworksBuildPhase section */
		47FF906D2B5B167200C6FD8E /* Frameworks */ = {
			isa = PBXFrameworksBuildPhase;
			buildActionMask = 2147483647;
			files = (
			);
			runOnlyForDeploymentPostprocessing = 0;
		};
/* End PBXFrameworksBuildPhase section */

/* Begin PBXGroup section */
		47FF90672B5B167200C6FD8E = {
			isa = PBXGroup;
			children = (
				47FF90722B5B167200C6FD8E /* biblify */,
				47FF90712B5B167200C6FD8E /* Products */,
			);
			sourceTree = "<group>";
		};
		47FF90712B5B167200C6FD8E /* Products */ = {
			isa = PBXGroup;
			children = (
				47FF90702B5B167200C6FD8E /* biblify.app */,
			);
			name = Products;
			sourceTree = "<group>";
		};
		47FF90722B5B167200C6FD8E /* biblify */ = {
			isa = PBXGroup;
			children = (
				47FF90732B5B167200C6FD8E /* biblifyApp.swift */,
				47FF90842B5B185300C6FD8E /* Models */,
				47FF90832B5B183900C6FD8E /* Views */,
				47FF90792B5B167400C6FD8E /* Assets.xcassets */,
				47FF907B2B5B167400C6FD8E /* Preview Content */,
			);
			path = biblify;
			sourceTree = "<group>";
		};
		47FF907B2B5B167400C6FD8E /* Preview Content */ = {
			isa = PBXGroup;
			children = (
				47FF907C2B5B167400C6FD8E /* Preview Assets.xcassets */,
			);
			path = "Preview Content";
			sourceTree = "<group>";
		};
		47FF90832B5B183900C6FD8E /* Views */ = {
			isa = PBXGroup;
			children = (
				47FF90752B5B167200C6FD8E /* ContentView.swift */,
				47FF90852B5B1C5D00C6FD8E /* AllQuotesView.swift */,
				47FF908C2B5B2D8D00C6FD8E /* RandomQuoteView.swift */,
				47FF908E2B5B2DF600C6FD8E /* QuoteOfDayView.swift */,
				4768B71A2B5C810800E0EA83 /* SettingsView.swift */,
				479A4E7C2B66EC6800EBD43C /* AddQuoteForm.swift */,
			);
			path = Views;
			sourceTree = "<group>";
		};
		47FF90842B5B185300C6FD8E /* Models */ = {
			isa = PBXGroup;
			children = (
				47FF90772B5B167200C6FD8E /* Quote.swift */,
			);
			path = Models;
			sourceTree = "<group>";
		};
/* End PBXGroup section */

/* Begin PBXNativeTarget section */
		47FF906F2B5B167200C6FD8E /* biblify */ = {
			isa = PBXNativeTarget;
			buildConfigurationList = 47FF90802B5B167400C6FD8E /* Build configuration list for PBXNativeTarget "biblify" */;
			buildPhases = (
				47FF906C2B5B167200C6FD8E /* Sources */,
				47FF906D2B5B167200C6FD8E /* Frameworks */,
				47FF906E2B5B167200C6FD8E /* Resources */,
			);
			buildRules = (
			);
			dependencies = (
			);
			name = biblify;
			productName = biblify;
			productReference = 47FF90702B5B167200C6FD8E /* biblify.app */;
			productType = "com.apple.product-type.application";
		};
/* End PBXNativeTarget section */

/* Begin PBXProject section */
		47FF90682B5B167200C6FD8E /* Project object */ = {
			isa = PBXProject;
			attributes = {
				BuildIndependentTargetsInParallel = 1;
				LastSwiftUpdateCheck = 1520;
				LastUpgradeCheck = 1520;
				TargetAttributes = {
					47FF906F2B5B167200C6FD8E = {
						CreatedOnToolsVersion = 15.2;
					};
				};
			};
			buildConfigurationList = 47FF906B2B5B167200C6FD8E /* Build configuration list for PBXProject "biblify" */;
			compatibilityVersion = "Xcode 14.0";
			developmentRegion = en;
			hasScannedForEncodings = 0;
			knownRegions = (
				en,
				Base,
			);
			mainGroup = 47FF90672B5B167200C6FD8E;
			productRefGroup = 47FF90712B5B167200C6FD8E /* Products */;
			projectDirPath = "";
			projectRoot = "";
			targets = (
				47FF906F2B5B167200C6FD8E /* biblify */,
			);
		};
/* End PBXProject section */

/* Begin PBXResourcesBuildPhase section */
		47FF906E2B5B167200C6FD8E /* Resources */ = {
			isa = PBXResourcesBuildPhase;
			buildActionMask = 2147483647;
			files = (
				47FF907D2B5B167400C6FD8E /* Preview Assets.xcassets in Resources */,
				47FF907A2B5B167400C6FD8E /* Assets.xcassets in Resources */,
			);
			runOnlyForDeploymentPostprocessing = 0;
		};
/* End PBXResourcesBuildPhase section */

/* Begin PBXSourcesBuildPhase section */
		47FF906C2B5B167200C6FD8E /* Sources */ = {
			isa = PBXSourcesBuildPhase;
			buildActionMask = 2147483647;
			files = (
				479A4E7D2B66EC6800EBD43C /* AddQuoteForm.swift in Sources */,
				47FF908D2B5B2D8D00C6FD8E /* RandomQuoteView.swift in Sources */,
				4768B71B2B5C810800E0EA83 /* SettingsView.swift in Sources */,
				47FF908F2B5B2DF600C6FD8E /* QuoteOfDayView.swift in Sources */,
				47FF90762B5B167200C6FD8E /* ContentView.swift in Sources */,
				47FF90782B5B167200C6FD8E /* Quote.swift in Sources */,
				47FF90742B5B167200C6FD8E /* biblifyApp.swift in Sources */,
				47FF90862B5B1C5D00C6FD8E /* AllQuotesView.swift in Sources */,
			);
			runOnlyForDeploymentPostprocessing = 0;
		};
/* End PBXSourcesBuildPhase section */

/* Begin XCBuildConfiguration section */
		47FF907E2B5B167400C6FD8E /* Debug */ = {
			isa = XCBuildConfiguration;
			buildSettings = {
				ALWAYS_SEARCH_USER_PATHS = NO;
				ASSETCATALOG_COMPILER_GENERATE_SWIFT_ASSET_SYMBOL_EXTENSIONS = YES;
				CLANG_ANALYZER_NONNULL = YES;
				CLANG_ANALYZER_NUMBER_OBJECT_CONVERSION = YES_AGGRESSIVE;
				CLANG_CXX_LANGUAGE_STANDARD = "gnu++20";
				CLANG_ENABLE_MODULES = YES;
				CLANG_ENABLE_OBJC_ARC = YES;
				CLANG_ENABLE_OBJC_WEAK = YES;
				CLANG_WARN_BLOCK_CAPTURE_AUTORELEASING = YES;
				CLANG_WARN_BOOL_CONVERSION = YES;
				CLANG_WARN_COMMA = YES;
				CLANG_WARN_CONSTANT_CONVERSION = YES;
				CLANG_WARN_DEPRECATED_OBJC_IMPLEMENTATIONS = YES;
				CLANG_WARN_DIRECT_OBJC_ISA_USAGE = YES_ERROR;
				CLANG_WARN_DOCUMENTATION_COMMENTS = YES;
				CLANG_WARN_EMPTY_BODY = YES;
				CLANG_WARN_ENUM_CONVERSION = YES;
				CLANG_WARN_INFINITE_RECURSION = YES;
				CLANG_WARN_INT_CONVERSION = YES;
				CLANG_WARN_NON_LITERAL_NULL_CONVERSION = YES;
				CLANG_WARN_OBJC_IMPLICIT_RETAIN_SELF = YES;
				CLANG_WARN_OBJC_LITERAL_CONVERSION = YES;
				CLANG_WARN_OBJC_ROOT_CLASS = YES_ERROR;
				CLANG_WARN_QUOTED_INCLUDE_IN_FRAMEWORK_HEADER = YES;
				CLANG_WARN_RANGE_LOOP_ANALYSIS = YES;
				CLANG_WARN_STRICT_PROTOTYPES = YES;
				CLANG_WARN_SUSPICIOUS_MOVE = YES;
				CLANG_WARN_UNGUARDED_AVAILABILITY = YES_AGGRESSIVE;
				CLANG_WARN_UNREACHABLE_CODE = YES;
				CLANG_WARN__DUPLICATE_METHOD_MATCH = YES;
				COPY_PHASE_STRIP = NO;
				DEBUG_INFORMATION_FORMAT = dwarf;
				ENABLE_STRICT_OBJC_MSGSEND = YES;
				ENABLE_TESTABILITY = YES;
				ENABLE_USER_SCRIPT_SANDBOXING = YES;
				GCC_C_LANGUAGE_STANDARD = gnu17;
				GCC_DYNAMIC_NO_PIC = NO;
				GCC_NO_COMMON_BLOCKS = YES;
				GCC_OPTIMIZATION_LEVEL = 0;
				GCC_PREPROCESSOR_DEFINITIONS = (
					"DEBUG=1",
					"$(inherited)",
				);
				GCC_WARN_64_TO_32_BIT_CONVERSION = YES;
				GCC_WARN_ABOUT_RETURN_TYPE = YES_ERROR;
				GCC_WARN_UNDECLARED_SELECTOR = YES;
				GCC_WARN_UNINITIALIZED_AUTOS = YES_AGGRESSIVE;
				GCC_WARN_UNUSED_FUNCTION = YES;
				GCC_WARN_UNUSED_VARIABLE = YES;
				IPHONEOS_DEPLOYMENT_TARGET = 17.2;
				LOCALIZATION_PREFERS_STRING_CATALOGS = YES;
				MTL_ENABLE_DEBUG_INFO = INCLUDE_SOURCE;
				MTL_FAST_MATH = YES;
				ONLY_ACTIVE_ARCH = YES;
				SDKROOT = iphoneos;
				SWIFT_ACTIVE_COMPILATION_CONDITIONS = "DEBUG $(inherited)";
				SWIFT_OPTIMIZATION_LEVEL = "-Onone";
			};
			name = Debug;
		};
		47FF907F2B5B167400C6FD8E /* Release */ = {
			isa = XCBuildConfiguration;
			buildSettings = {
				ALWAYS_SEARCH_USER_PATHS = NO;
				ASSETCATALOG_COMPILER_GENERATE_SWIFT_ASSET_SYMBOL_EXTENSIONS = YES;
				CLANG_ANALYZER_NONNULL = YES;
				CLANG_ANALYZER_NUMBER_OBJECT_CONVERSION = YES_AGGRESSIVE;
				CLANG_CXX_LANGUAGE_STANDARD = "gnu++20";
				CLANG_ENABLE_MODULES = YES;
				CLANG_ENABLE_OBJC_ARC = YES;
				CLANG_ENABLE_OBJC_WEAK = YES;
				CLANG_WARN_BLOCK_CAPTURE_AUTORELEASING = YES;
				CLANG_WARN_BOOL_CONVERSION = YES;
				CLANG_WARN_COMMA = YES;
				CLANG_WARN_CONSTANT_CONVERSION = YES;
				CLANG_WARN_DEPRECATED_OBJC_IMPLEMENTATIONS = YES;
				CLANG_WARN_DIRECT_OBJC_ISA_USAGE = YES_ERROR;
				CLANG_WARN_DOCUMENTATION_COMMENTS = YES;
				CLANG_WARN_EMPTY_BODY = YES;
				CLANG_WARN_ENUM_CONVERSION = YES;
				CLANG_WARN_INFINITE_RECURSION = YES;
				CLANG_WARN_INT_CONVERSION = YES;
				CLANG_WARN_NON_LITERAL_NULL_CONVERSION = YES;
				CLANG_WARN_OBJC_IMPLICIT_RETAIN_SELF = YES;
				CLANG_WARN_OBJC_LITERAL_CONVERSION = YES;
				CLANG_WARN_OBJC_ROOT_CLASS = YES_ERROR;
				CLANG_WARN_QUOTED_INCLUDE_IN_FRAMEWORK_HEADER = YES;
				CLANG_WARN_RANGE_LOOP_ANALYSIS = YES;
				CLANG_WARN_STRICT_PROTOTYPES = YES;
				CLANG_WARN_SUSPICIOUS_MOVE = YES;
				CLANG_WARN_UNGUARDED_AVAILABILITY = YES_AGGRESSIVE;
				CLANG_WARN_UNREACHABLE_CODE = YES;
				CLANG_WARN__DUPLICATE_METHOD_MATCH = YES;
				COPY_PHASE_STRIP = NO;
				DEBUG_INFORMATION_FORMAT = "dwarf-with-dsym";
				ENABLE_NS_ASSERTIONS = NO;
				ENABLE_STRICT_OBJC_MSGSEND = YES;
				ENABLE_USER_SCRIPT_SANDBOXING = YES;
				GCC_C_LANGUAGE_STANDARD = gnu17;
				GCC_NO_COMMON_BLOCKS = YES;
				GCC_WARN_64_TO_32_BIT_CONVERSION = YES;
				GCC_WARN_ABOUT_RETURN_TYPE = YES_ERROR;
				GCC_WARN_UNDECLARED_SELECTOR = YES;
				GCC_WARN_UNINITIALIZED_AUTOS = YES_AGGRESSIVE;
				GCC_WARN_UNUSED_FUNCTION = YES;
				GCC_WARN_UNUSED_VARIABLE = YES;
				IPHONEOS_DEPLOYMENT_TARGET = 17.2;
				LOCALIZATION_PREFERS_STRING_CATALOGS = YES;
				MTL_ENABLE_DEBUG_INFO = NO;
				MTL_FAST_MATH = YES;
				SDKROOT = iphoneos;
				SWIFT_COMPILATION_MODE = wholemodule;
				VALIDATE_PRODUCT = YES;
			};
			name = Release;
		};
		47FF90812B5B167400C6FD8E /* Debug */ = {
			isa = XCBuildConfiguration;
			buildSettings = {
				ASSETCATALOG_COMPILER_APPICON_NAME = AppIcon;
				ASSETCATALOG_COMPILER_GLOBAL_ACCENT_COLOR_NAME = AccentColor;
				ASSETCATALOG_COMPILER_INCLUDE_ALL_APPICON_ASSETS = YES;
				CODE_SIGN_STYLE = Automatic;
				CURRENT_PROJECT_VERSION = 1;
				DEVELOPMENT_ASSET_PATHS = "\"biblify/Preview Content\"";
				DEVELOPMENT_TEAM = 4Z2HM3SS2M;
				ENABLE_PREVIEWS = YES;
				GENERATE_INFOPLIST_FILE = YES;
				INFOPLIST_KEY_LSApplicationCategoryType = "public.app-category.books";
				INFOPLIST_KEY_UIApplicationSceneManifest_Generation = YES;
				INFOPLIST_KEY_UIApplicationSupportsIndirectInputEvents = YES;
				INFOPLIST_KEY_UILaunchScreen_Generation = YES;
				INFOPLIST_KEY_UILaunchStoryboardName = "Launch Screen.storyboard";
				INFOPLIST_KEY_UIStatusBarStyle = "";
				INFOPLIST_KEY_UISupportedInterfaceOrientations_iPad = "UIInterfaceOrientationPortrait UIInterfaceOrientationPortraitUpsideDown UIInterfaceOrientationLandscapeLeft UIInterfaceOrientationLandscapeRight";
				INFOPLIST_KEY_UISupportedInterfaceOrientations_iPhone = "UIInterfaceOrientationPortrait UIInterfaceOrientationLandscapeLeft UIInterfaceOrientationLandscapeRight";
				LD_RUNPATH_SEARCH_PATHS = (
					"$(inherited)",
					"@executable_path/Frameworks",
				);
				MARKETING_VERSION = 1.0;
				PRODUCT_BUNDLE_IDENTIFIER = me.michaltalaga.biblify;
				PRODUCT_NAME = "$(TARGET_NAME)";
				SUPPORTED_PLATFORMS = "iphoneos iphonesimulator";
				SUPPORTS_MACCATALYST = NO;
				SUPPORTS_XR_DESIGNED_FOR_IPHONE_IPAD = NO;
				SWIFT_EMIT_LOC_STRINGS = YES;
				SWIFT_VERSION = 5.0;
				TARGETED_DEVICE_FAMILY = "1,2";
			};
			name = Debug;
		};
		47FF90822B5B167400C6FD8E /* Release */ = {
			isa = XCBuildConfiguration;
			buildSettings = {
				ASSETCATALOG_COMPILER_APPICON_NAME = AppIcon;
				ASSETCATALOG_COMPILER_GLOBAL_ACCENT_COLOR_NAME = AccentColor;
				ASSETCATALOG_COMPILER_INCLUDE_ALL_APPICON_ASSETS = YES;
				CODE_SIGN_STYLE = Automatic;
				CURRENT_PROJECT_VERSION = 1;
				DEVELOPMENT_ASSET_PATHS = "\"biblify/Preview Content\"";
				DEVELOPMENT_TEAM = 4Z2HM3SS2M;
				ENABLE_PREVIEWS = YES;
				GENERATE_INFOPLIST_FILE = YES;
				INFOPLIST_KEY_LSApplicationCategoryType = "public.app-category.books";
				INFOPLIST_KEY_UIApplicationSceneManifest_Generation = YES;
				INFOPLIST_KEY_UIApplicationSupportsIndirectInputEvents = YES;
				INFOPLIST_KEY_UILaunchScreen_Generation = YES;
				INFOPLIST_KEY_UILaunchStoryboardName = "Launch Screen.storyboard";
				INFOPLIST_KEY_UIStatusBarStyle = "";
				INFOPLIST_KEY_UISupportedInterfaceOrientations_iPad = "UIInterfaceOrientationPortrait UIInterfaceOrientationPortraitUpsideDown UIInterfaceOrientationLandscapeLeft UIInterfaceOrientationLandscapeRight";
				INFOPLIST_KEY_UISupportedInterfaceOrientations_iPhone = "UIInterfaceOrientationPortrait UIInterfaceOrientationLandscapeLeft UIInterfaceOrientationLandscapeRight";
				LD_RUNPATH_SEARCH_PATHS = (
					"$(inherited)",
					"@executable_path/Frameworks",
				);
				MARKETING_VERSION = 1.0;
				PRODUCT_BUNDLE_IDENTIFIER = me.michaltalaga.biblify;
				PRODUCT_NAME = "$(TARGET_NAME)";
				SUPPORTED_PLATFORMS = "iphoneos iphonesimulator";
				SUPPORTS_MACCATALYST = NO;
				SUPPORTS_XR_DESIGNED_FOR_IPHONE_IPAD = NO;
				SWIFT_EMIT_LOC_STRINGS = YES;
				SWIFT_VERSION = 5.0;
				TARGETED_DEVICE_FAMILY = "1,2";
			};
			name = Release;
		};
/* End XCBuildConfiguration section */

/* Begin XCConfigurationList section */
		47FF906B2B5B167200C6FD8E /* Build configuration list for PBXProject "biblify" */ = {
			isa = XCConfigurationList;
			buildConfigurations = (
				47FF907E2B5B167400C6FD8E /* Debug */,
				47FF907F2B5B167400C6FD8E /* Release */,
			);
			defaultConfigurationIsVisible = 0;
			defaultConfigurationName = Release;
		};
		47FF90802B5B167400C6FD8E /* Build configuration list for PBXNativeTarget "biblify" */ = {
			isa = XCConfigurationList;
			buildConfigurations = (
				47FF90812B5B167400C6FD8E /* Debug */,
				47FF90822B5B167400C6FD8E /* Release */,
			);
			defaultConfigurationIsVisible = 0;
			defaultConfigurationName = Release;
		};
/* End XCConfigurationList section */
	};
	rootObject = 47FF90682B5B167200C6FD8E /* Project object */;
}
